{
  "name": "@situlive/situ-angular-components",
  "version": "1.5.11",
  "lockfileVersion": 1,
  "requires": true,
  "dependencies": {
    "tslib": {
      "version": "1.14.1",
      "resolved": "https://pkgs.dev.azure.com/situstores/_packaging/npm-repository/npm/registry/tslib/-/tslib-1.14.1.tgz",
      "integrity": "sha1-zy04vcNKE0vK8QkcQfZhni9nLQA="
    }
  }
}
